
Microsoft Visual Studio Solution File, Format Version 12.00
# Visual Studio Version 17
VisualStudioVersion = 17.0.32112.339
MinimumVisualStudioVersion = 10.0.40219.1
Project("{FAE04EC0-301F-11D3-BF4B-00C04F79EFBC}") = "PrimeiroProjeto", "PrimeiroProjeto\PrimeiroProjeto.csproj", "{71307AA2-5BD3-4387-977C-FFCB83545A43}"
EndProject
Global
	GlobalSection(SolutionConfigurationPlatforms) = preSolution
		Debug|Any CPU = Debug|Any CPU
		Release|Any CPU = Release|Any CPU
	EndGlobalSection
	GlobalSection(ProjectConfigurationPlatforms) = postSolution
		{71307AA2-5BD3-4387-977C-FFCB83545A43}.Debug|Any CPU.ActiveCfg = Debug|Any CPU
		{71307AA2-5BD3-4387-977C-FFCB83545A43}.Debug|Any CPU.Build.0 = Debug|Any CPU
		{71307AA2-5BD3-4387-977C-FFCB83545A43}.Release|Any CPU.ActiveCfg = Release|Any CPU
		{71307AA2-5BD3-4387-977C-FFCB83545A43}.Release|Any CPU.Build.0 = Release|Any CPU
	EndGlobalSection
	GlobalSection(SolutionProperties) = preSolution
		HideSolutionNode = FALSE
	EndGlobalSection
	GlobalSection(ExtensibilityGlobals) = postSolution
		SolutionGuid = {C511B562-F631-413F-8EB2-49F399755719}
	EndGlobalSection
EndGlobal
